# THIS IS AN AUTOGENERATED FILE. DO NOT EDIT THIS FILE DIRECTLY.
# yarn lockfile v1


"@babel/runtime@^7.20.7":
  version "7.21.0"
  resolved "https://registry.yarnpkg.com/@babel/runtime/-/runtime-7.21.0.tgz#5b55c9d394e5fcf304909a8b00c07dc217b56673"
  integrity sha512-xwII0//EObnq89Ji5AKYQaRYiW/nZ3llSv29d49IuxPhKbtJoLP+9QUUZ4nVragQVtaVGeZrpB+ZtG/Pdy/POw==
  dependencies:
    regenerator-runtime "^0.13.11"

"@eslint/eslintrc@^2.0.0":
  version "2.0.0"
  resolved "https://registry.yarnpkg.com/@eslint/eslintrc/-/eslintrc-2.0.0.tgz#943309d8697c52fc82c076e90c1c74fbbe69dbff"
  integrity sha512-fluIaaV+GyV24CCu/ggiHdV+j4RNh85yQnAYS/G2mZODZgGmmlrgCydjUcV3YvxCm9x8nMAfThsqTni4KiXT4A==
  dependencies:
    ajv "^6.12.4"
    debug "^4.3.2"
    espree "^9.4.0"
    globals "^13.19.0"
    ignore "^5.2.0"
    import-fresh "^3.2.1"
    js-yaml "^4.1.0"
    minimatch "^3.1.2"
    strip-json-comments "^3.1.1"

"@eslint/js@8.35.0":
  version "8.35.0"
  resolved "https://registry.yarnpkg.com/@eslint/js/-/js-8.35.0.tgz#b7569632b0b788a0ca0e438235154e45d42813a7"
  integrity sha512-JXdzbRiWclLVoD8sNUjR443VVlYqiYmDVT6rGUEIEHU5YJW0gaVZwV2xgM7D4arkvASqD0IlLUVjHiFuxaftRw==

"@humanwhocodes/config-array@^0.11.8":
  version "0.11.8"
  resolved "https://registry.yarnpkg.com/@humanwhocodes/config-array/-/config-array-0.11.8.tgz#03595ac2075a4dc0f191cc2131de14fbd7d410b9"
  integrity sha512-UybHIJzJnR5Qc/MsD9Kr+RpO2h+/P1GhOwdiLPXK5TWk5sgTdu88bTD9UP+CKbPPh5Rni1u0GjAdYQLemG8g+g==
  dependencies:
    "@humanwhocodes/object-schema" "^1.2.1"
    debug "^4.1.1"
    minimatch "^3.0.5"

"@humanwhocodes/module-importer@^1.0.1":
  version "1.0.1"
  resolved "https://registry.yarnpkg.com/@humanwhocodes/module-importer/-/module-importer-1.0.1.tgz#af5b2691a22b44be847b0ca81641c5fb6ad0172c"
  integrity sha512-bxveV4V8v5Yb4ncFTT3rPSgZBOpCkjfK0y4oVVVJwIuDVBRMDXrPyXRL988i5ap9m9bnyEEjWfm5WkBmtffLfA==

"@humanwhocodes/object-schema@^1.2.1":
  version "1.2.1"
  resolved "https://registry.yarnpkg.com/@humanwhocodes/object-schema/-/object-schema-1.2.1.tgz#b520529ec21d8e5945a1851dfd1c32e94e39ff45"
  integrity sha512-ZnQMnLV4e7hDlUvw8H+U8ASL02SS2Gn6+9Ac3wGGLIe7+je2AeAOxPY+izIPJDfFDb7eDjev0Us8MO1iFRN8hA==

"@next/env@13.2.1":
  version "13.2.1"
  resolved "https://registry.yarnpkg.com/@next/env/-/env-13.2.1.tgz#082d42cfc0c794e9185d7b4133d71440ba2e795d"
  integrity sha512-Hq+6QZ6kgmloCg8Kgrix+4F0HtvLqVK3FZAnlAoS0eonaDemHe1Km4kwjSWRE3JNpJNcKxFHF+jsZrYo0SxWoQ==

"@next/eslint-plugin-next@13.2.1":
  version "13.2.1"
  resolved "https://registry.yarnpkg.com/@next/eslint-plugin-next/-/eslint-plugin-next-13.2.1.tgz#58dea4d53c0adfc59c10195f51eb8d3575fce414"
  integrity sha512-r0i5rcO6SMAZtqiGarUVMr3k256X0R0j6pEkKg4PxqUW+hG0qgMxRVAJsuoRG5OBFkCOlSfWZJ0mP9fQdCcyNg==
  dependencies:
    glob "7.1.7"

"@next/swc-android-arm-eabi@13.2.1":
  version "13.2.1"
  resolved "https://registry.yarnpkg.com/@next/swc-android-arm-eabi/-/swc-android-arm-eabi-13.2.1.tgz#67f2580fbbe05ee006220688972c5e3a555fc741"
  integrity sha512-Yua7mUpEd1wzIT6Jjl3dpRizIfGp9NR4F2xeRuQv+ae+SDI1Em2WyM9m46UL+oeW5GpMiEHoaBagr47RScZFmQ==

"@next/swc-android-arm64@13.2.1":
  version "13.2.1"
  resolved "https://registry.yarnpkg.com/@next/swc-android-arm64/-/swc-android-arm64-13.2.1.tgz#460a02b69eb23bb5f402266bcea9cadae59415c1"
  integrity sha512-Bifcr2f6VwInOdq1uH/9lp8fH7Nf7XGkIx4XceVd32LPJqG2c6FZU8ZRBvTdhxzXVpt5TPtuXhOP4Ij9UPqsVw==

"@next/swc-darwin-arm64@13.2.1":
  version "13.2.1"
  resolved "https://registry.yarnpkg.com/@next/swc-darwin-arm64/-/swc-darwin-arm64-13.2.1.tgz#8b8530ff417802027471aee2419f78a58a863ccb"
  integrity sha512-gvqm+fGMYxAkwBapH0Vvng5yrb6HTkIvZfY4oEdwwYrwuLdkjqnJygCMgpNqIFmAHSXgtlWxfYv1VC8sjN81Kw==

"@next/swc-darwin-x64@13.2.1":
  version "13.2.1"
  resolved "https://registry.yarnpkg.com/@next/swc-darwin-x64/-/swc-darwin-x64-13.2.1.tgz#80aebb3329a1e4568a28de1ee177780b3d50330c"
  integrity sha512-HGqVqmaZWj6zomqOZUVbO5NhlABL0iIaxTmd0O5B0MoMa5zpDGoaHSG+fxgcWMXcGcxmUNchv1NfNOYiTKoHOg==

"@next/swc-freebsd-x64@13.2.1":
  version "13.2.1"
  resolved "https://registry.yarnpkg.com/@next/swc-freebsd-x64/-/swc-freebsd-x64-13.2.1.tgz#250ea2ab7e1734f22d11c677c463fab9ac33a516"
  integrity sha512-N/a4JarAq+E+g+9K2ywJUmDIgU2xs2nA+BBldH0oq4zYJMRiUhL0iaN9G4e72VmGOJ61L/3W6VN8RIUOwTLoqQ==

"@next/swc-linux-arm-gnueabihf@13.2.1":
  version "13.2.1"
  resolved "https://registry.yarnpkg.com/@next/swc-linux-arm-gnueabihf/-/swc-linux-arm-gnueabihf-13.2.1.tgz#fe6bb29ed348a5f8ecae3740df22a8d8130c474a"
  integrity sha512-WaFoerF/eRbhbE57TaIGJXbQAERADZ/RZ45u6qox9beb5xnWsyYgzX+WuN7Tkhyvga0/aMuVYFzS9CEay7D+bw==

"@next/swc-linux-arm64-gnu@13.2.1":
  version "13.2.1"
  resolved "https://registry.yarnpkg.com/@next/swc-linux-arm64-gnu/-/swc-linux-arm64-gnu-13.2.1.tgz#4781b927fc5e421f3cea2b29e5d38e5e4837b198"
  integrity sha512-R+Jhc1/RJTnncE9fkePboHDNOCm1WJ8daanWbjKhfPySMyeniKYRwGn5SLYW3S8YlRS0QVdZaaszDSZWgUcsmA==

"@next/swc-linux-arm64-musl@13.2.1":
  version "13.2.1"
  resolved "https://registry.yarnpkg.com/@next/swc-linux-arm64-musl/-/swc-linux-arm64-musl-13.2.1.tgz#c2ba0a121b0255ba62450916bc70e6d0e26cbc98"
  integrity sha512-oI1UfZPidGAVddlL2eOTmfsuKV9EaT1aktIzVIxIAgxzQSdwsV371gU3G55ggkurzfdlgF3GThFePDWF0d8dmw==

"@next/swc-linux-x64-gnu@13.2.1":
  version "13.2.1"
  resolved "https://registry.yarnpkg.com/@next/swc-linux-x64-gnu/-/swc-linux-x64-gnu-13.2.1.tgz#573c220f8b087e5d131d1fba58d3e1a670b220ad"
  integrity sha512-PCygPwrQmS+7WUuAWWioWMZCzZm4PG91lfRxToLDg7yIm/3YfAw5N2EK2TaM9pzlWdvHQAqRMX/oLvv027xUiA==

"@next/swc-linux-x64-musl@13.2.1":
  version "13.2.1"
  resolved "https://registry.yarnpkg.com/@next/swc-linux-x64-musl/-/swc-linux-x64-musl-13.2.1.tgz#950b5bb920b322ca7b447efbd12a9c7a10c3a642"
  integrity sha512-sUAKxo7CFZYGHNxheGh9nIBElLYBM6md/liEGfOTwh/xna4/GTTcmkGWkF7PdnvaYNgcPIQgHIMYiAa6yBKAVw==

"@next/swc-win32-arm64-msvc@13.2.1":
  version "13.2.1"
  resolved "https://registry.yarnpkg.com/@next/swc-win32-arm64-msvc/-/swc-win32-arm64-msvc-13.2.1.tgz#dbff3c4f5a3812a7059dac05804148a0f98682db"
  integrity sha512-qDmyEjDBpl/vBXxuOOKKWmPQOcARcZIMach1s7kjzaien0SySut/PHRlj56sosa81Wt4hTGhfhZ1R7g1n7+B8w==

"@next/swc-win32-ia32-msvc@13.2.1":
  version "13.2.1"
  resolved "https://registry.yarnpkg.com/@next/swc-win32-ia32-msvc/-/swc-win32-ia32-msvc-13.2.1.tgz#7d2c17be7b8d9963984f5c15cc2588127101f620"
  integrity sha512-2joqFQ81ZYPg6DcikIzQn3DgjKglNhPAozx6dL5sCNkr1CPMD0YIkJgT3CnYyMHQ04Qi3Npv0XX3MD6LJO8OCA==

"@next/swc-win32-x64-msvc@13.2.1":
  version "13.2.1"
  resolved "https://registry.yarnpkg.com/@next/swc-win32-x64-msvc/-/swc-win32-x64-msvc-13.2.1.tgz#09713c6a925461f414e89422851326d1625bd4d2"
  integrity sha512-r3+0fSaIZT6N237iMzwUhfNwjhAFvXjqB+4iuW+wcpxW+LHm1g/IoxN8eSRcb8jPItC86JxjAxpke0QL97qd6g==

"@nodelib/fs.scandir@2.1.5":
  version "2.1.5"
  resolved "https://registry.yarnpkg.com/@nodelib/fs.scandir/-/fs.scandir-2.1.5.tgz#7619c2eb21b25483f6d167548b4cfd5a7488c3d5"
  integrity sha512-vq24Bq3ym5HEQm2NKCr3yXDwjc7vTsEThRDnkp2DK9p1uqLR+DHurm/NOTo0KG7HYHU7eppKZj3MyqYuMBf62g==
  dependencies:
    "@nodelib/fs.stat" "2.0.5"
    run-parallel "^1.1.9"

"@nodelib/fs.stat@2.0.5", "@nodelib/fs.stat@^2.0.2":
  version "2.0.5"
  resolved "https://registry.yarnpkg.com/@nodelib/fs.stat/-/fs.stat-2.0.5.tgz#5bd262af94e9d25bd1e71b05deed44876a222e8b"
  integrity sha512-RkhPPp2zrqDAQA/2jNhnztcPAlv64XdhIp7a7454A5ovI7Bukxgt7MX7udwAu3zg1DcpPU0rz3VV1SeaqvY4+A==

"@nodelib/fs.walk@^1.2.3", "@nodelib/fs.walk@^1.2.8":
  version "1.2.8"
  resolved "https://registry.yarnpkg.com/@nodelib/fs.walk/-/fs.walk-1.2.8.tgz#e95737e8bb6746ddedf69c556953494f196fe69a"
  integrity sha512-oGB+UxlgWcgQkgwo8GcEGwemoTFt3FIO9ababBmaGwXIoBKZ+GTy0pP185beGg7Llih/NSHSV2XAs1lnznocSg==
  dependencies:
    "@nodelib/fs.scandir" "2.1.5"
    fastq "^1.6.0"

"@pkgr/utils@^2.3.1":
  version "2.3.1"
  resolved "https://registry.yarnpkg.com/@pkgr/utils/-/utils-2.3.1.tgz#0a9b06ffddee364d6642b3cd562ca76f55b34a03"
  integrity sha512-wfzX8kc1PMyUILA+1Z/EqoE4UCXGy0iRGMhPwdfae1+f0OXlLqCk+By+aMzgJBzR9AzS4CDizioG6Ss1gvAFJw==
  dependencies:
    cross-spawn "^7.0.3"
    is-glob "^4.0.3"
    open "^8.4.0"
    picocolors "^1.0.0"
    tiny-glob "^0.2.9"
    tslib "^2.4.0"

"@rushstack/eslint-patch@^1.1.3":
  version "1.2.0"
  resolved "https://registry.yarnpkg.com/@rushstack/eslint-patch/-/eslint-patch-1.2.0.tgz#8be36a1f66f3265389e90b5f9c9962146758f728"
  integrity sha512-sXo/qW2/pAcmT43VoRKOJbDOfV3cYpq3szSVfIThQXNt+E4DfKj361vaAt3c88U5tPUxzEswam7GW48PJqtKAg==

"@swc/helpers@0.4.14":
  version "0.4.14"
  resolved "https://registry.yarnpkg.com/@swc/helpers/-/helpers-0.4.14.tgz#1352ac6d95e3617ccb7c1498ff019654f1e12a74"
  integrity sha512-4C7nX/dvpzB7za4Ql9K81xK3HPxCpHMgwTZVyf+9JQ6VUbn9jjZVN7/Nkdz/Ugzs2CSjqnL/UPXroiVBVHUWUw==
  dependencies:
    tslib "^2.4.0"

"@types/json5@^0.0.29":
  version "0.0.29"
  resolved "https://registry.yarnpkg.com/@types/json5/-/json5-0.0.29.tgz#ee28707ae94e11d2b827bcbe5270bcea7f3e71ee"
  integrity sha512-dRLjCWHYg4oaA77cxO64oO+7JwCwnIzkZPdrrC71jQmQtlhM556pwKo5bUzqvZndkVbeFLIIi+9TC40JNF5hNQ==

"@types/node@18.14.2":
  version "18.14.2"
  resolved "https://registry.yarnpkg.com/@types/node/-/node-18.14.2.tgz#c076ed1d7b6095078ad3cf21dfeea951842778b1"
  integrity sha512-1uEQxww3DaghA0RxqHx0O0